{
  "version": 4,
  "terraform_version": "0.12.18",
  "serial": 5,
  "lineage": "0bc44021-a037-6d4a-7cf3-e847eed7abdc",
  "outputs": {},
  "resources": [
    {
      "mode": "managed",
      "type": "azurerm_resource_group",
      "name": "example",
      "provider": "provider.azurerm",
      "instances": [
        {
          "schema_version": 0,
          "attributes": {
            "id": "/subscriptions/23f960e2-50ba-4e2f-be74-dcd3ed1f0db1/resourceGroups/AzureTFRGDemo",
            "location": "northeurope",
            "name": "AzureTFRGDemo",
            "tags": {}
          },
          "private": "bnVsbA=="
        }
      ]
    },
    {
      "mode": "managed",
      "type": "azurerm_storage_account",
      "name": "example",
      "provider": "provider.azurerm",
      "instances": [
        {
          "schema_version": 2,
          "attributes": {
            "access_tier": "",
            "account_encryption_source": "Microsoft.Storage",
            "account_kind": "Storage",
            "account_replication_type": "GRS",
            "account_tier": "Standard",
            "account_type": "Standard_GRS",
            "blob_properties": [
              {
                "delete_retention_policy": []
              }
            ],
            "custom_domain": [],
            "enable_advanced_threat_protection": false,
            "enable_blob_encryption": true,
            "enable_file_encryption": true,
            "enable_https_traffic_only": false,
            "id": "/subscriptions/23f960e2-50ba-4e2f-be74-dcd3ed1f0db1/resourceGroups/AzureTFRGDemo/providers/Microsoft.Storage/storageAccounts/demofortf",
            "identity": [],
            "is_hns_enabled": false,
            "location": "northeurope",
            "name": "demofortf",
            "network_rules": [
              {
                "bypass": [
                  "AzureServices"
                ],
                "default_action": "Allow",
                "ip_rules": [],
                "virtual_network_subnet_ids": []
              }
            ],
            "primary_access_key": "bpHgFi1li+vKFgQbMay00w6I2XB9MgPbRi0GkeWBy4h4/2RBPb3w0/LnK9zJBV4V5md4ll4j+Cfat8B0kEMeAg==",
            "primary_blob_connection_string": "DefaultEndpointsProtocol=https;BlobEndpoint=https://demofortf.blob.core.windows.net/;AccountName=demofortf;AccountKey=bpHgFi1li+vKFgQbMay00w6I2XB9MgPbRi0GkeWBy4h4/2RBPb3w0/LnK9zJBV4V5md4ll4j+Cfat8B0kEMeAg==",
            "primary_blob_endpoint": "https://demofortf.blob.core.windows.net/",
            "primary_blob_host": "demofortf.blob.core.windows.net",
            "primary_connection_string": "DefaultEndpointsProtocol=https;AccountName=demofortf;AccountKey=bpHgFi1li+vKFgQbMay00w6I2XB9MgPbRi0GkeWBy4h4/2RBPb3w0/LnK9zJBV4V5md4ll4j+Cfat8B0kEMeAg==;EndpointSuffix=core.windows.net",
            "primary_dfs_endpoint": "",
            "primary_dfs_host": "",
            "primary_file_endpoint": "https://demofortf.file.core.windows.net/",
            "primary_file_host": "demofortf.file.core.windows.net",
            "primary_location": "northeurope",
            "primary_queue_endpoint": "https://demofortf.queue.core.windows.net/",
            "primary_queue_host": "demofortf.queue.core.windows.net",
            "primary_table_endpoint": "https://demofortf.table.core.windows.net/",
            "primary_table_host": "demofortf.table.core.windows.net",
            "primary_web_endpoint": "",
            "primary_web_host": "",
            "queue_properties": [
              {
                "cors_rule": [],
                "hour_metrics": [
                  {
                    "enabled": true,
                    "include_apis": true,
                    "retention_policy_days": 7,
                    "version": "1.0"
                  }
                ],
                "logging": [
                  {
                    "delete": false,
                    "read": false,
                    "retention_policy_days": 0,
                    "version": "1.0",
                    "write": false
                  }
                ],
                "minute_metrics": [
                  {
                    "enabled": false,
                    "include_apis": false,
                    "retention_policy_days": 0,
                    "version": "1.0"
                  }
                ]
              }
            ],
            "resource_group_name": "AzureTFRGDemo",
            "secondary_access_key": "BerwCsM75GKZD6XzNxPOcfuQWowhzq2Vb4V9efdMjPx082GpqTUrOfsZGX4ZJicys7Z8Xgg+MhfV8/eYHICA7A==",
            "secondary_blob_connection_string": "",
            "secondary_blob_endpoint": null,
            "secondary_blob_host": null,
            "secondary_connection_string": "DefaultEndpointsProtocol=https;AccountName=demofortf;AccountKey=BerwCsM75GKZD6XzNxPOcfuQWowhzq2Vb4V9efdMjPx082GpqTUrOfsZGX4ZJicys7Z8Xgg+MhfV8/eYHICA7A==;EndpointSuffix=core.windows.net",
            "secondary_dfs_endpoint": null,
            "secondary_dfs_host": null,
            "secondary_file_endpoint": null,
            "secondary_file_host": null,
            "secondary_location": "westeurope",
            "secondary_queue_endpoint": null,
            "secondary_queue_host": null,
            "secondary_table_endpoint": null,
            "secondary_table_host": null,
            "secondary_web_endpoint": null,
            "secondary_web_host": null,
            "tags": {
              "environment": "staging"
            }
          },
          "private": "eyJzY2hlbWFfdmVyc2lvbiI6IjIifQ==",
          "dependencies": [
            "azurerm_resource_group.example"
          ]
        }
      ]
    },
    {
      "mode": "managed",
      "type": "azurerm_storage_container",
      "name": "example",
      "provider": "provider.azurerm",
      "instances": [
        {
          "schema_version": 1,
          "attributes": {
            "container_access_type": "private",
            "has_immutability_policy": false,
            "has_legal_hold": false,
            "id": "https://demofortf.blob.core.windows.net/vhds",
            "metadata": {},
            "name": "vhds",
            "properties": {
              "last_modified": "Thu, 16 Jan 2020 14:28:27 GMT",
              "lease_duration": "",
              "lease_state": "available",
              "lease_status": "unlocked"
            },
            "resource_group_name": "AzureTFRGDemo",
            "storage_account_name": "demofortf"
          },
          "private": "eyJzY2hlbWFfdmVyc2lvbiI6IjEifQ==",
          "dependencies": [
            "azurerm_resource_group.example",
            "azurerm_storage_account.example"
          ]
        }
      ]
    }
  ]
}
